// !$*UTF8*$!
{
	archiveVersion = 1;
	classes = {
	};
	objectVersion = 46;
	objects = {

/* Begin PBXBuildFile section */
		9C2056941C8814D800337BC3 /* main.m in Sources */ = {isa = PBXBuildFile; fileRef = 9C2056931C8814D800337BC3 /* main.m */; };
		9C2056971C8814D800337BC3 /* AppDelegate.m in Sources */ = {isa = PBXBuildFile; fileRef = 9C2056961C8814D800337BC3 /* AppDelegate.m */; };
		9C20569A1C8814D800337BC3 /* ViewController.m in Sources */ = {isa = PBXBuildFile; fileRef = 9C2056991C8814D800337BC3 /* ViewController.m */; };
		9C20569D1C8814D800337BC3 /* Main.storyboard in Resources */ = {isa = PBXBuildFile; fileRef = 9C20569B1C8814D800337BC3 /* Main.storyboard */; };
		9C20569F1C8814D800337BC3 /* Assets.xcassets in Resources */ = {isa = PBXBuildFile; fileRef = 9C20569E1C8814D800337BC3 /* Assets.xcassets */; };
		9C2056A21C8814D800337BC3 /* LaunchScreen.storyboard in Resources */ = {isa = PBXBuildFile; fileRef = 9C2056A01C8814D800337BC3 /* LaunchScreen.storyboard */; };
		D167BCBE9F461B893ABAF61B /* libPods.a in Frameworks */ = {isa = PBXBuildFile; fileRef = D95185422C3C4D9C950EFD6E /* libPods.a */; };
/* End PBXBuildFile section */

/* Begin PBXFileReference section */
		2F11A24367512DB8AC8BADE8 /* Pods.release.xcconfig */ = {isa = PBXFileReference; includeInIndex = 1; lastKnownFileType = text.xcconfig; name = Pods.release.xcconfig; path = "Pods/Target Support Files/Pods/Pods.release.xcconfig"; sourceTree = "<group>"; };
		391ACED6230B3CA34B0EBCF7 /* Pods.debug.xcconfig */ = {isa = PBXFileReference; includeInIndex = 1; lastKnownFileType = text.xcconfig; name = Pods.debug.xcconfig; path = "Pods/Target Support Files/Pods/Pods.debug.xcconfig"; sourceTree = "<group>"; };
		9C20568F1C8814D800337BC3 /* Demo.app */ = {isa = PBXFileReference; explicitFileType = wrapper.application; includeInIndex = 0; path = Demo.app; sourceTree = BUILT_PRODUCTS_DIR; };
		9C2056931C8814D800337BC3 /* main.m */ = {isa = PBXFileReference; lastKnownFileType = sourcecode.c.objc; path = main.m; sourceTree = "<group>"; };
		9C2056951C8814D800337BC3 /* AppDelegate.h */ = {isa = PBXFileReference; lastKnownFileType = sourcecode.c.h; path = AppDelegate.h; sourceTree = "<group>"; };
		9C2056961C8814D800337BC3 /* AppDelegate.m */ = {isa = PBXFileReference; lastKnownFileType = sourcecode.c.objc; path = AppDelegate.m; sourceTree = "<group>"; };
		9C2056981C8814D800337BC3 /* ViewController.h */ = {isa = PBXFileReference; lastKnownFileType = sourcecode.c.h; path = ViewController.h; sourceTree = "<group>"; };
		9C2056991C8814D800337BC3 /* ViewController.m */ = {isa = PBXFileReference; lastKnownFileType = sourcecode.c.objc; path = ViewController.m; sourceTree = "<group>"; };
		9C20569C1C8814D800337BC3 /* Base */ = {isa = PBXFileReference; lastKnownFileType = file.storyboard; name = Base; path = Base.lproj/Main.storyboard; sourceTree = "<group>"; };
		9C20569E1C8814D800337BC3 /* Assets.xcassets */ = {isa = PBXFileReference; lastKnownFileType = folder.assetcatalog; path = Assets.xcassets; sourceTree = "<group>"; };
		9C2056A11C8814D800337BC3 /* Base */ = {isa = PBXFileReference; lastKnownFileType = file.storyboard; name = Base; path = Base.lproj/LaunchScreen.storyboard; sourceTree = "<group>"; };
		9C2056A31C8814D800337BC3 /* Info.plist */ = {isa = PBXFileReference; lastKnownFileType = text.plist.xml; path = Info.plist; sourceTree = "<group>"; };
		D95185422C3C4D9C950EFD6E /* libPods.a */ = {isa = PBXFileReference; explicitFileType = archive.ar; includeInIndex = 0; path = libPods.a; sourceTree = BUILT_PRODUCTS_DIR; };
/* End PBXFileReference section */

/* Begin PBXFrameworksBuildPhase section */
		9C20568C1C8814D800337BC3 /* Frameworks */ = {
			isa = PBXFrameworksBuildPhase;
			buildActionMask = 2147483647;
			files = (
				D167BCBE9F461B893ABAF61B /* libPods.a in Frameworks */,
			);
			runOnlyForDeploymentPostprocessing = 0;
		};
/* End PBXFrameworksBuildPhase section */

/* Begin PBXGroup section */
		658D0BED7016E72E4019962D /* Frameworks */ = {
			isa = PBXGroup;
			children = (
				D95185422C3C4D9C950EFD6E /* libPods.a */,
			);
			name = Frameworks;
			sourceTree = "<group>";
		};
		9C2056861C8814D800337BC3 = {
			isa = PBXGroup;
			children = (
				9C2056911C8814D800337BC3 /* Demo */,
				9C2056901C8814D800337BC3 /* Products */,
				B27EA0F90B0F60CA9DDDAB33 /* Pods */,
				658D0BED7016E72E4019962D /* Frameworks */,
			);
			sourceTree = "<group>";
		};
		9C2056901C8814D800337BC3 /* Products */ = {
			isa = PBXGroup;
			children = (
				9C20568F1C8814D800337BC3 /* Demo.app */,
			);
			name = Products;
			sourceTree = "<group>";
		};
		9C2056911C8814D800337BC3 /* Demo */ = {
			isa = PBXGroup;
			children = (
				9C2056951C8814D800337BC3 /* AppDelegate.h */,
				9C2056961C8814D800337BC3 /* AppDelegate.m */,
				9C2056981C8814D800337BC3 /* ViewController.h */,
				9C2056991C8814D800337BC3 /* ViewController.m */,
				9C20569B1C8814D800337BC3 /* Main.storyboard */,
				9C20569E1C8814D800337BC3 /* Assets.xcassets */,
				9C2056A01C8814D800337BC3 /* LaunchScreen.storyboard */,
				9C2056A31C8814D800337BC3 /* Info.plist */,
				9C2056921C8814D800337BC3 /* Supporting Files */,
			);
			path = Demo;
			sourceTree = "<group>";
		};
		9C2056921C8814D800337BC3 /* Supporting Files */ = {
			isa = PBXGroup;
			children = (
				9C2056931C8814D800337BC3 /* main.m */,
			);
			name = "Supporting Files";
			sourceTree = "<group>";
		};
		B27EA0F90B0F60CA9DDDAB33 /* Pods */ = {
			isa = PBXGroup;
			children = (
				391ACED6230B3CA34B0EBCF7 /* Pods.debug.xcconfig */,
				2F11A24367512DB8AC8BADE8 /* Pods.release.xcconfig */,
			);
			name = Pods;
			sourceTree = "<group>";
		};
/* End PBXGroup section */

/* Begin PBXNativeTarget section */
		9C20568E1C8814D800337BC3 /* Demo */ = {
			isa = PBXNativeTarget;
			buildConfigurationList = 9C2056A61C8814D800337BC3 /* Build configuration list for PBXNativeTarget "Demo" */;
			buildPhases = (
				CE32F6B668DFE0945BC521B1 /* Check Pods Manifest.lock */,
				9C20568B1C8814D800337BC3 /* Sources */,
				9C20568C1C8814D800337BC3 /* Frameworks */,
				9C20568D1C8814D800337BC3 /* Resources */,
				FA4670BC3258205C8153AA4C /* Embed Pods Frameworks */,
				71C3793DA64E502515B9A163 /* Copy Pods Resources */,
			);
			buildRules = (
			);
			dependencies = (
			);
			name = Demo;
			productName = Demo;
			productReference = 9C20568F1C8814D800337BC3 /* Demo.app */;
			productType = "com.apple.product-type.application";
		};
/* End PBXNativeTarget section */

/* Begin PBXProject section */
		9C2056871C8814D800337BC3 /* Project object */ = {
			isa = PBXProject;
			attributes = {
				LastUpgradeCheck = 0720;
				ORGANIZATIONNAME = "AiLi.Technology Co";
				TargetAttributes = {
					9C20568E1C8814D800337BC3 = {
						CreatedOnToolsVersion = 7.2.1;
						DevelopmentTeam = 23VLL6D73B;
					};
				};
			};
			buildConfigurationList = 9C20568A1C8814D800337BC3 /* Build configuration list for PBXProject "Demo" */;
			compatibilityVersion = "Xcode 3.2";
			developmentRegion = English;
			hasScannedForEncodings = 0;
			knownRegions = (
				en,
				Base,
			);
			mainGroup = 9C2056861C8814D800337BC3;
			productRefGroup = 9C2056901C8814D800337BC3 /* Products */;
			projectDirPath = "";
			projectRoot = "";
			targets = (
				9C20568E1C8814D800337BC3 /* Demo */,
			);
		};
/* End PBXProject section */

/* Begin PBXResourcesBuildPhase section */
		9C20568D1C8814D800337BC3 /* Resources */ = {
			isa = PBXResourcesBuildPhase;
			buildActionMask = 2147483647;
			files = (
				9C2056A21C8814D800337BC3 /* LaunchScreen.storyboard in Resources */,
				9C20569F1C8814D800337BC3 /* Assets.xcassets in Resources */,
				9C20569D1C8814D800337BC3 /* Main.storyboard in Resources */,
			);
			runOnlyForDeploymentPostprocessing = 0;
		};
/* End PBXResourcesBuildPhase section */

/* Begin PBXShellScriptBuildPhase section */
		71C3793DA64E502515B9A163 /* Copy Pods Resources */ = {
			isa = PBXShellScriptBuildPhase;
			buildActionMask = 2147483647;
			files = (
			);
			inputPaths = (
			);
			name = "Copy Pods Resources";
			outputPaths = (
			);
			runOnlyForDeploymentPostprocessing = 0;
			shellPath = /bin/sh;
			shellScript = "\"${SRCROOT}/Pods/Target Support Files/Pods/Pods-resources.sh\"\n";
			showEnvVarsInLog = 0;
		};
		CE32F6B668DFE0945BC521B1 /* Check Pods Manifest.lock */ = {
			isa = PBXShellScriptBuildPhase;
			buildActionMask = 2147483647;
			files = (
			);
			inputPaths = (
			);
			name = "Check Pods Manifest.lock";
			outputPaths = (
			);
			runOnlyForDeploymentPostprocessing = 0;
			shellPath = /bin/sh;
			shellScript = "diff \"${PODS_ROOT}/../Podfile.lock\" \"${PODS_ROOT}/Manifest.lock\" > /dev/null\nif [[ $? != 0 ]] ; then\n    cat << EOM\nerror: The sandbox is not in sync with the Podfile.lock. Run 'pod install' or update your CocoaPods installation.\nEOM\n    exit 1\nfi\n";
			showEnvVarsInLog = 0;
		};
		FA4670BC3258205C8153AA4C /* Embed Pods Frameworks */ = {
			isa = PBXShellScriptBuildPhase;
			buildActionMask = 2147483647;
			files = (
			);
			inputPaths = (
			);
			name = "Embed Pods Frameworks";
			outputPaths = (
			);
			runOnlyForDeploymentPostprocessing = 0;
			shellPath = /bin/sh;
			shellScript = "\"${SRCROOT}/Pods/Target Support Files/Pods/Pods-frameworks.sh\"\n";
			showEnvVarsInLog = 0;
		};
/* End PBXShellScriptBuildPhase section */

/* Begin PBXSourcesBuildPhase section */
		9C20568B1C8814D800337BC3 /* Sources */ = {
			isa = PBXSourcesBuildPhase;
			buildActionMask = 2147483647;
			files = (
				9C20569A1C8814D800337BC3 /* ViewController.m in Sources */,
				9C2056971C8814D800337BC3 /* AppDelegate.m in Sources */,
				9C2056941C8814D800337BC3 /* main.m in Sources */,
			);
			runOnlyForDeploymentPostprocessing = 0;
		};
/* End PBXSourcesBuildPhase section */

/* Begin PBXVariantGroup section */
		9C20569B1C8814D800337BC3 /* Main.storyboard */ = {
			isa = PBXVariantGroup;
			children = (
				9C20569C1C8814D800337BC3 /* Base */,
			);
			name = Main.storyboard;
			sourceTree = "<group>";
		};
		9C2056A01C8814D800337BC3 /* LaunchScreen.storyboard */ = {
			isa = PBXVariantGroup;
			children = (
				9C2056A11C8814D800337BC3 /* Base */,
			);
			name = LaunchScreen.storyboard;
			sourceTree = "<group>";
		};
/* End PBXVariantGroup section */

/* Begin XCBuildConfiguration section */
		9C2056A41C8814D800337BC3 /* Debug */ = {
			isa = XCBuildConfiguration;
			buildSettings = {
				ALWAYS_SEARCH_USER_PATHS = NO;
				CLANG_CXX_LANGUAGE_STANDARD = "gnu++0x";
				CLANG_CXX_LIBRARY = "libc++";
				CLANG_ENABLE_MODULES = YES;
				CLANG_ENABLE_OBJC_ARC = YES;
				CLANG_WARN_BOOL_CONVERSION = YES;
				CLANG_WARN_CONSTANT_CONVERSION = YES;
				CLANG_WARN_DIRECT_OBJC_ISA_USAGE = YES_ERROR;
				CLANG_WARN_EMPTY_BODY = YES;
				CLANG_WARN_ENUM_CONVERSION = YES;
				CLANG_WARN_INT_CONVERSION = YES;
				CLANG_WARN_OBJC_ROOT_CLASS = YES_ERROR;
				CLANG_WARN_UNREACHABLE_CODE = YES;
				CLANG_WARN__DUPLICATE_METHOD_MATCH = YES;
				"CODE_SIGN_IDENTITY[sdk=iphoneos*]" = "iPhone Developer";
				COPY_PHASE_STRIP = NO;
				DEBUG_INFORMATION_FORMAT = dwarf;
				ENABLE_STRICT_OBJC_MSGSEND = YES;
				ENABLE_TESTABILITY = YES;
				GCC_C_LANGUAGE_STANDARD = gnu99;
				GCC_DYNAMIC_NO_PIC = NO;
				GCC_NO_COMMON_BLOCKS = YES;
				GCC_OPTIMIZATION_LEVEL = 0;
				GCC_PREPROCESSOR_DEFINITIONS = (
					"DEBUG=1",
					"$(inherited)",
				);
				GCC_WARN_64_TO_32_BIT_CONVERSION = YES;
				GCC_WARN_ABOUT_RETURN_TYPE = YES_ERROR;
				GCC_WARN_UNDECLARED_SELECTOR = YES;
				GCC_WARN_UNINITIALIZED_AUTOS = YES_AGGRESSIVE;
				GCC_WARN_UNUSED_FUNCTION = YES;
				GCC_WARN_UNUSED_VARIABLE = YES;
				IPHONEOS_DEPLOYMENT_TARGET = 9.2;
				MTL_ENABLE_DEBUG_INFO = YES;
				ONLY_ACTIVE_ARCH = YES;
				SDKROOT = iphoneos;
			};
			name = Debug;
		};
		9C2056A51C8814D800337BC3 /* Release */ = {
			isa = XCBuildConfiguration;
			buildSettings = {
				ALWAYS_SEARCH_USER_PATHS = NO;
				CLANG_CXX_LANGUAGE_STANDARD = "gnu++0x";
				CLANG_CXX_LIBRARY = "libc++";
				CLANG_ENABLE_MODULES = YES;
				CLANG_ENABLE_OBJC_ARC = YES;
				CLANG_WARN_BOOL_CONVERSION = YES;
				CLANG_WARN_CONSTANT_CONVERSION = YES;
				CLANG_WARN_DIRECT_OBJC_ISA_USAGE = YES_ERROR;
				CLANG_WARN_EMPTY_BODY = YES;
				CLANG_WARN_ENUM_CONVERSION = YES;
				CLANG_WARN_INT_CONVERSION = YES;
				CLANG_WARN_OBJC_ROOT_CLASS = YES_ERROR;
				CLANG_WARN_UNREACHABLE_CODE = YES;
				CLANG_WARN__DUPLICATE_METHOD_MATCH = YES;
				"CODE_SIGN_IDENTITY[sdk=iphoneos*]" = "iPhone Developer";
				COPY_PHASE_STRIP = NO;
				DEBUG_INFORMATION_FORMAT = "dwarf-with-dsym";
				ENABLE_NS_ASSERTIONS = NO;
				ENABLE_STRICT_OBJC_MSGSEND = YES;
				GCC_C_LANGUAGE_STANDARD = gnu99;
				GCC_NO_COMMON_BLOCKS = YES;
				GCC_WARN_64_TO_32_BIT_CONVERSION = YES;
				GCC_WARN_ABOUT_RETURN_TYPE = YES_ERROR;
				GCC_WARN_UNDECLARED_SELECTOR = YES;
				GCC_WARN_UNINITIALIZED_AUTOS = YES_AGGRESSIVE;
				GCC_WARN_UNUSED_FUNCTION = YES;
				GCC_WARN_UNUSED_VARIABLE = YES;
				IPHONEOS_DEPLOYMENT_TARGET = 9.2;
				MTL_ENABLE_DEBUG_INFO = NO;
				SDKROOT = iphoneos;
				VALIDATE_PRODUCT = YES;
			};
			name = Release;
		};
		9C2056A71C8814D800337BC3 /* Debug */ = {
			isa = XCBuildConfiguration;
			baseConfigurationReference = 391ACED6230B3CA34B0EBCF7 /* Pods.debug.xcconfig */;
			buildSettings = {
				ASSETCATALOG_COMPILER_APPICON_NAME = AppIcon;
				INFOPLIST_FILE = Demo/Info.plist;
				LD_RUNPATH_SEARCH_PATHS = "$(inherited) @executable_path/Frameworks";
				PRODUCT_BUNDLE_IDENTIFIER = com.aili.app.Demo;
				PRODUCT_NAME = "$(TARGET_NAME)";
			};
			name = Debug;
		};
		9C2056A81C8814D800337BC3 /* Release */ = {
			isa = XCBuildConfiguration;
			baseConfigurationReference = 2F11A24367512DB8AC8BADE8 /* Pods.release.xcconfig */;
			buildSettings = {
				ASSETCATALOG_COMPILER_APPICON_NAME = AppIcon;
				INFOPLIST_FILE = Demo/Info.plist;
				LD_RUNPATH_SEARCH_PATHS = "$(inherited) @executable_path/Frameworks";
				PRODUCT_BUNDLE_IDENTIFIER = com.aili.app.Demo;
				PRODUCT_NAME = "$(TARGET_NAME)";
			};
			name = Release;
		};
/* End XCBuildConfiguration section */

/* Begin XCConfigurationList section */
		9C20568A1C8814D800337BC3 /* Build configuration list for PBXProject "Demo" */ = {
			isa = XCConfigurationList;
			buildConfigurations = (
				9C2056A41C8814D800337BC3 /* Debug */,
				9C2056A51C8814D800337BC3 /* Release */,
			);
			defaultConfigurationIsVisible = 0;
			defaultConfigurationName = Release;
		};
		9C2056A61C8814D800337BC3 /* Build configuration list for PBXNativeTarget "Demo" */ = {
			isa = XCConfigurationList;
			buildConfigurations = (
				9C2056A71C8814D800337BC3 /* Debug */,
				9C2056A81C8814D800337BC3 /* Release */,
			);
			defaultConfigurationIsVisible = 0;
			defaultConfigurationName = Release;
		};
/* End XCConfigurationList section */
	};
	rootObject = 9C2056871C8814D800337BC3 /* Project object */;
}
